
Microsoft Visual Studio Solution File, Format Version 12.00
# Visual Studio Version 17
VisualStudioVersion = 17.4.33205.214
MinimumVisualStudioVersion = 10.0.40219.1
Project("{FAE04EC0-301F-11D3-BF4B-00C04F79EFBC}") = "SerializationDemo", "SerializationDemo\SerializationDemo.csproj", "{562DCDCC-6173-4ADE-883A-6BFB6FB54970}"
EndProject
Project("{FAE04EC0-301F-11D3-BF4B-00C04F79EFBC}") = "SerializationEmployee", "SerializationEmployee\SerializationEmployee.csproj", "{3D69E5F9-8B13-47EE-8E13-E0806E6C9B7A}"
EndProject
Project("{FAE04EC0-301F-11D3-BF4B-00C04F79EFBC}") = "SerializationStudentInfo", "SerializationStudentInfo\SerializationStudentInfo.csproj", "{2D50FF90-AE40-4EC2-A899-CDCEC05C185A}"
EndProject
Project("{2150E333-8FDC-42A3-9474-1A3956D46DE8}") = "Solution Items", "Solution Items", "{4C2B6F83-5734-4C57-A102-E7373B915105}"
	ProjectSection(SolutionItems) = preProject
		.editorconfig = .editorconfig
	EndProjectSection
EndProject
Global
	GlobalSection(SolutionConfigurationPlatforms) = preSolution
		Debug|Any CPU = Debug|Any CPU
		Release|Any CPU = Release|Any CPU
	EndGlobalSection
	GlobalSection(ProjectConfigurationPlatforms) = postSolution
		{562DCDCC-6173-4ADE-883A-6BFB6FB54970}.Debug|Any CPU.ActiveCfg = Debug|Any CPU
		{562DCDCC-6173-4ADE-883A-6BFB6FB54970}.Debug|Any CPU.Build.0 = Debug|Any CPU
		{562DCDCC-6173-4ADE-883A-6BFB6FB54970}.Release|Any CPU.ActiveCfg = Release|Any CPU
		{562DCDCC-6173-4ADE-883A-6BFB6FB54970}.Release|Any CPU.Build.0 = Release|Any CPU
		{3D69E5F9-8B13-47EE-8E13-E0806E6C9B7A}.Debug|Any CPU.ActiveCfg = Debug|Any CPU
		{3D69E5F9-8B13-47EE-8E13-E0806E6C9B7A}.Debug|Any CPU.Build.0 = Debug|Any CPU
		{3D69E5F9-8B13-47EE-8E13-E0806E6C9B7A}.Release|Any CPU.ActiveCfg = Release|Any CPU
		{3D69E5F9-8B13-47EE-8E13-E0806E6C9B7A}.Release|Any CPU.Build.0 = Release|Any CPU
		{2D50FF90-AE40-4EC2-A899-CDCEC05C185A}.Debug|Any CPU.ActiveCfg = Debug|Any CPU
		{2D50FF90-AE40-4EC2-A899-CDCEC05C185A}.Debug|Any CPU.Build.0 = Debug|Any CPU
		{2D50FF90-AE40-4EC2-A899-CDCEC05C185A}.Release|Any CPU.ActiveCfg = Release|Any CPU
		{2D50FF90-AE40-4EC2-A899-CDCEC05C185A}.Release|Any CPU.Build.0 = Release|Any CPU
	EndGlobalSection
	GlobalSection(SolutionProperties) = preSolution
		HideSolutionNode = FALSE
	EndGlobalSection
	GlobalSection(ExtensibilityGlobals) = postSolution
		SolutionGuid = {1B6089D6-1607-4DF1-A14E-327FFE50811B}
	EndGlobalSection
EndGlobal
